// !$*UTF8*$!
{
	archiveVersion = 1;
	classes = {
	};
	objectVersion = 50;
	objects = {

/* Begin PBXBuildFile section */
		EDD5A5C621F0FA97001C3B66 /* AppDelegate.swift in Sources */ = {isa = PBXBuildFile; fileRef = EDD5A5C521F0FA97001C3B66 /* AppDelegate.swift */; };
		EDD5A5C821F0FA97001C3B66 /* ViewController.swift in Sources */ = {isa = PBXBuildFile; fileRef = EDD5A5C721F0FA97001C3B66 /* ViewController.swift */; };
		EDD5A5CB21F0FA97001C3B66 /* Main.storyboard in Resources */ = {isa = PBXBuildFile; fileRef = EDD5A5C921F0FA97001C3B66 /* Main.storyboard */; };
		EDD5A5CD21F0FA98001C3B66 /* Assets.xcassets in Resources */ = {isa = PBXBuildFile; fileRef = EDD5A5CC21F0FA98001C3B66 /* Assets.xcassets */; };
		EDD5A5D021F0FA98001C3B66 /* LaunchScreen.storyboard in Resources */ = {isa = PBXBuildFile; fileRef = EDD5A5CE21F0FA98001C3B66 /* LaunchScreen.storyboard */; };
		EDD5A5D821F100F1001C3B66 /* PDFDocumentClass.swift in Sources */ = {isa = PBXBuildFile; fileRef = EDD5A5D721F100F1001C3B66 /* PDFDocumentClass.swift */; };
/* End PBXBuildFile section */

/* Begin PBXFileReference section */
		EDD5A5C221F0FA97001C3B66 /* SMPDF.app */ = {isa = PBXFileReference; explicitFileType = wrapper.application; includeInIndex = 0; path = SMPDF.app; sourceTree = BUILT_PRODUCTS_DIR; };
		EDD5A5C521F0FA97001C3B66 /* AppDelegate.swift */ = {isa = PBXFileReference; lastKnownFileType = sourcecode.swift; path = AppDelegate.swift; sourceTree = "<group>"; };
		EDD5A5C721F0FA97001C3B66 /* ViewController.swift */ = {isa = PBXFileReference; lastKnownFileType = sourcecode.swift; path = ViewController.swift; sourceTree = "<group>"; };
		EDD5A5CA21F0FA97001C3B66 /* Base */ = {isa = PBXFileReference; lastKnownFileType = file.storyboard; name = Base; path = Base.lproj/Main.storyboard; sourceTree = "<group>"; };
		EDD5A5CC21F0FA98001C3B66 /* Assets.xcassets */ = {isa = PBXFileReference; lastKnownFileType = folder.assetcatalog; path = Assets.xcassets; sourceTree = "<group>"; };
		EDD5A5CF21F0FA98001C3B66 /* Base */ = {isa = PBXFileReference; lastKnownFileType = file.storyboard; name = Base; path = Base.lproj/LaunchScreen.storyboard; sourceTree = "<group>"; };
		EDD5A5D121F0FA98001C3B66 /* Info.plist */ = {isa = PBXFileReference; lastKnownFileType = text.plist.xml; path = Info.plist; sourceTree = "<group>"; };
		EDD5A5D721F100F1001C3B66 /* PDFDocumentClass.swift */ = {isa = PBXFileReference; lastKnownFileType = sourcecode.swift; path = PDFDocumentClass.swift; sourceTree = "<group>"; };
/* End PBXFileReference section */

/* Begin PBXFrameworksBuildPhase section */
		EDD5A5BF21F0FA97001C3B66 /* Frameworks */ = {
			isa = PBXFrameworksBuildPhase;
			buildActionMask = 2147483647;
			files = (
			);
			runOnlyForDeploymentPostprocessing = 0;
		};
/* End PBXFrameworksBuildPhase section */

/* Begin PBXGroup section */
		EDD5A5B921F0FA97001C3B66 = {
			isa = PBXGroup;
			children = (
				EDD5A5C421F0FA97001C3B66 /* SMPDF */,
				EDD5A5C321F0FA97001C3B66 /* Products */,
			);
			sourceTree = "<group>";
		};
		EDD5A5C321F0FA97001C3B66 /* Products */ = {
			isa = PBXGroup;
			children = (
				EDD5A5C221F0FA97001C3B66 /* SMPDF.app */,
			);
			name = Products;
			sourceTree = "<group>";
		};
		EDD5A5C421F0FA97001C3B66 /* SMPDF */ = {
			isa = PBXGroup;
			children = (
				EDD5A5C521F0FA97001C3B66 /* AppDelegate.swift */,
				EDD5A5C721F0FA97001C3B66 /* ViewController.swift */,
				EDD5A5C921F0FA97001C3B66 /* Main.storyboard */,
				EDD5A5CC21F0FA98001C3B66 /* Assets.xcassets */,
				EDD5A5CE21F0FA98001C3B66 /* LaunchScreen.storyboard */,
				EDD5A5D121F0FA98001C3B66 /* Info.plist */,
				EDD5A5D721F100F1001C3B66 /* PDFDocumentClass.swift */,
			);
			path = SMPDF;
			sourceTree = "<group>";
		};
/* End PBXGroup section */

/* Begin PBXNativeTarget section */
		EDD5A5C121F0FA97001C3B66 /* SMPDF */ = {
			isa = PBXNativeTarget;
			buildConfigurationList = EDD5A5D421F0FA98001C3B66 /* Build configuration list for PBXNativeTarget "SMPDF" */;
			buildPhases = (
				EDD5A5BE21F0FA97001C3B66 /* Sources */,
				EDD5A5BF21F0FA97001C3B66 /* Frameworks */,
				EDD5A5C021F0FA97001C3B66 /* Resources */,
			);
			buildRules = (
			);
			dependencies = (
			);
			name = SMPDF;
			productName = SMPDF;
			productReference = EDD5A5C221F0FA97001C3B66 /* SMPDF.app */;
			productType = "com.apple.product-type.application";
		};
/* End PBXNativeTarget section */

/* Begin PBXProject section */
		EDD5A5BA21F0FA97001C3B66 /* Project object */ = {
			isa = PBXProject;
			attributes = {
				LastSwiftUpdateCheck = 1010;
				LastUpgradeCheck = 1010;
				ORGANIZATIONNAME = "Omar Aldair Romero Pérez";
				TargetAttributes = {
					EDD5A5C121F0FA97001C3B66 = {
						CreatedOnToolsVersion = 10.1;
					};
				};
			};
			buildConfigurationList = EDD5A5BD21F0FA97001C3B66 /* Build configuration list for PBXProject "SMPDF" */;
			compatibilityVersion = "Xcode 9.3";
			developmentRegion = en;
			hasScannedForEncodings = 0;
			knownRegions = (
				en,
				Base,
			);
			mainGroup = EDD5A5B921F0FA97001C3B66;
			productRefGroup = EDD5A5C321F0FA97001C3B66 /* Products */;
			projectDirPath = "";
			projectRoot = "";
			targets = (
				EDD5A5C121F0FA97001C3B66 /* SMPDF */,
			);
		};
/* End PBXProject section */

/* Begin PBXResourcesBuildPhase section */
		EDD5A5C021F0FA97001C3B66 /* Resources */ = {
			isa = PBXResourcesBuildPhase;
			buildActionMask = 2147483647;
			files = (
				EDD5A5D021F0FA98001C3B66 /* LaunchScreen.storyboard in Resources */,
				EDD5A5CD21F0FA98001C3B66 /* Assets.xcassets in Resources */,
				EDD5A5CB21F0FA97001C3B66 /* Main.storyboard in Resources */,
			);
			runOnlyForDeploymentPostprocessing = 0;
		};
/* End PBXResourcesBuildPhase section */

/* Begin PBXSourcesBuildPhase section */
		EDD5A5BE21F0FA97001C3B66 /* Sources */ = {
			isa = PBXSourcesBuildPhase;
			buildActionMask = 2147483647;
			files = (
				EDD5A5C821F0FA97001C3B66 /* ViewController.swift in Sources */,
				EDD5A5D821F100F1001C3B66 /* PDFDocumentClass.swift in Sources */,
				EDD5A5C621F0FA97001C3B66 /* AppDelegate.swift in Sources */,
			);
			runOnlyForDeploymentPostprocessing = 0;
		};
/* End PBXSourcesBuildPhase section */

/* Begin PBXVariantGroup section */
		EDD5A5C921F0FA97001C3B66 /* Main.storyboard */ = {
			isa = PBXVariantGroup;
			children = (
				EDD5A5CA21F0FA97001C3B66 /* Base */,
			);
			name = Main.storyboard;
			sourceTree = "<group>";
		};
		EDD5A5CE21F0FA98001C3B66 /* LaunchScreen.storyboard */ = {
			isa = PBXVariantGroup;
			children = (
				EDD5A5CF21F0FA98001C3B66 /* Base */,
			);
			name = LaunchScreen.storyboard;
			sourceTree = "<group>";
		};
/* End PBXVariantGroup section */

/* Begin XCBuildConfiguration section */
		EDD5A5D221F0FA98001C3B66 /* Debug */ = {
			isa = XCBuildConfiguration;
			buildSettings = {
				ALWAYS_SEARCH_USER_PATHS = NO;
				CLANG_ANALYZER_NONNULL = YES;
				CLANG_ANALYZER_NUMBER_OBJECT_CONVERSION = YES_AGGRESSIVE;
				CLANG_CXX_LANGUAGE_STANDARD = "gnu++14";
				CLANG_CXX_LIBRARY = "libc++";
				CLANG_ENABLE_MODULES = YES;
				CLANG_ENABLE_OBJC_ARC = YES;
				CLANG_ENABLE_OBJC_WEAK = YES;
				CLANG_WARN_BLOCK_CAPTURE_AUTORELEASING = YES;
				CLANG_WARN_BOOL_CONVERSION = YES;
				CLANG_WARN_COMMA = YES;
				CLANG_WARN_CONSTANT_CONVERSION = YES;
				CLANG_WARN_DEPRECATED_OBJC_IMPLEMENTATIONS = YES;
				CLANG_WARN_DIRECT_OBJC_ISA_USAGE = YES_ERROR;
				CLANG_WARN_DOCUMENTATION_COMMENTS = YES;
				CLANG_WARN_EMPTY_BODY = YES;
				CLANG_WARN_ENUM_CONVERSION = YES;
				CLANG_WARN_INFINITE_RECURSION = YES;
				CLANG_WARN_INT_CONVERSION = YES;
				CLANG_WARN_NON_LITERAL_NULL_CONVERSION = YES;
				CLANG_WARN_OBJC_IMPLICIT_RETAIN_SELF = YES;
				CLANG_WARN_OBJC_LITERAL_CONVERSION = YES;
				CLANG_WARN_OBJC_ROOT_CLASS = YES_ERROR;
				CLANG_WARN_RANGE_LOOP_ANALYSIS = YES;
				CLANG_WARN_STRICT_PROTOTYPES = YES;
				CLANG_WARN_SUSPICIOUS_MOVE = YES;
				CLANG_WARN_UNGUARDED_AVAILABILITY = YES_AGGRESSIVE;
				CLANG_WARN_UNREACHABLE_CODE = YES;
				CLANG_WARN__DUPLICATE_METHOD_MATCH = YES;
				CODE_SIGN_IDENTITY = "iPhone Developer";
				COPY_PHASE_STRIP = NO;
				DEBUG_INFORMATION_FORMAT = dwarf;
				ENABLE_STRICT_OBJC_MSGSEND = YES;
				ENABLE_TESTABILITY = YES;
				GCC_C_LANGUAGE_STANDARD = gnu11;
				GCC_DYNAMIC_NO_PIC = NO;
				GCC_NO_COMMON_BLOCKS = YES;
				GCC_OPTIMIZATION_LEVEL = 0;
				GCC_PREPROCESSOR_DEFINITIONS = (
					"DEBUG=1",
					"$(inherited)",
				);
				GCC_WARN_64_TO_32_BIT_CONVERSION = YES;
				GCC_WARN_ABOUT_RETURN_TYPE = YES_ERROR;
				GCC_WARN_UNDECLARED_SELECTOR = YES;
				GCC_WARN_UNINITIALIZED_AUTOS = YES_AGGRESSIVE;
				GCC_WARN_UNUSED_FUNCTION = YES;
				GCC_WARN_UNUSED_VARIABLE = YES;
				IPHONEOS_DEPLOYMENT_TARGET = 12.1;
				MTL_ENABLE_DEBUG_INFO = INCLUDE_SOURCE;
				MTL_FAST_MATH = YES;
				ONLY_ACTIVE_ARCH = YES;
				SDKROOT = iphoneos;
				SWIFT_ACTIVE_COMPILATION_CONDITIONS = DEBUG;
				SWIFT_OPTIMIZATION_LEVEL = "-Onone";
			};
			name = Debug;
		};
		EDD5A5D321F0FA98001C3B66 /* Release */ = {
			isa = XCBuildConfiguration;
			buildSettings = {
				ALWAYS_SEARCH_USER_PATHS = NO;
				CLANG_ANALYZER_NONNULL = YES;
				CLANG_ANALYZER_NUMBER_OBJECT_CONVERSION = YES_AGGRESSIVE;
				CLANG_CXX_LANGUAGE_STANDARD = "gnu++14";
				CLANG_CXX_LIBRARY = "libc++";
				CLANG_ENABLE_MODULES = YES;
				CLANG_ENABLE_OBJC_ARC = YES;
				CLANG_ENABLE_OBJC_WEAK = YES;
				CLANG_WARN_BLOCK_CAPTURE_AUTORELEASING = YES;
				CLANG_WARN_BOOL_CONVERSION = YES;
				CLANG_WARN_COMMA = YES;
				CLANG_WARN_CONSTANT_CONVERSION = YES;
				CLANG_WARN_DEPRECATED_OBJC_IMPLEMENTATIONS = YES;
				CLANG_WARN_DIRECT_OBJC_ISA_USAGE = YES_ERROR;
				CLANG_WARN_DOCUMENTATION_COMMENTS = YES;
				CLANG_WARN_EMPTY_BODY = YES;
				CLANG_WARN_ENUM_CONVERSION = YES;
				CLANG_WARN_INFINITE_RECURSION = YES;
				CLANG_WARN_INT_CONVERSION = YES;
				CLANG_WARN_NON_LITERAL_NULL_CONVERSION = YES;
				CLANG_WARN_OBJC_IMPLICIT_RETAIN_SELF = YES;
				CLANG_WARN_OBJC_LITERAL_CONVERSION = YES;
				CLANG_WARN_OBJC_ROOT_CLASS = YES_ERROR;
				CLANG_WARN_RANGE_LOOP_ANALYSIS = YES;
				CLANG_WARN_STRICT_PROTOTYPES = YES;
				CLANG_WARN_SUSPICIOUS_MOVE = YES;
				CLANG_WARN_UNGUARDED_AVAILABILITY = YES_AGGRESSIVE;
				CLANG_WARN_UNREACHABLE_CODE = YES;
				CLANG_WARN__DUPLICATE_METHOD_MATCH = YES;
				CODE_SIGN_IDENTITY = "iPhone Developer";
				COPY_PHASE_STRIP = NO;
				DEBUG_INFORMATION_FORMAT = "dwarf-with-dsym";
				ENABLE_NS_ASSERTIONS = NO;
				ENABLE_STRICT_OBJC_MSGSEND = YES;
				GCC_C_LANGUAGE_STANDARD = gnu11;
				GCC_NO_COMMON_BLOCKS = YES;
				GCC_WARN_64_TO_32_BIT_CONVERSION = YES;
				GCC_WARN_ABOUT_RETURN_TYPE = YES_ERROR;
				GCC_WARN_UNDECLARED_SELECTOR = YES;
				GCC_WARN_UNINITIALIZED_AUTOS = YES_AGGRESSIVE;
				GCC_WARN_UNUSED_FUNCTION = YES;
				GCC_WARN_UNUSED_VARIABLE = YES;
				IPHONEOS_DEPLOYMENT_TARGET = 12.1;
				MTL_ENABLE_DEBUG_INFO = NO;
				MTL_FAST_MATH = YES;
				SDKROOT = iphoneos;
				SWIFT_COMPILATION_MODE = wholemodule;
				SWIFT_OPTIMIZATION_LEVEL = "-O";
				VALIDATE_PRODUCT = YES;
			};
			name = Release;
		};
		EDD5A5D521F0FA98001C3B66 /* Debug */ = {
			isa = XCBuildConfiguration;
			buildSettings = {
				ASSETCATALOG_COMPILER_APPICON_NAME = AppIcon;
				CODE_SIGN_STYLE = Automatic;
				DEVELOPMENT_TEAM = D6A85H8M23;
				INFOPLIST_FILE = SMPDF/Info.plist;
				LD_RUNPATH_SEARCH_PATHS = (
					"$(inherited)",
					"@executable_path/Frameworks",
				);
				PRODUCT_BUNDLE_IDENTIFIER = com.omaraldair.SMPDF;
				PRODUCT_NAME = "$(TARGET_NAME)";
				SWIFT_VERSION = 4.2;
				TARGETED_DEVICE_FAMILY = "1,2";
			};
			name = Debug;
		};
		EDD5A5D621F0FA98001C3B66 /* Release */ = {
			isa = XCBuildConfiguration;
			buildSettings = {
				ASSETCATALOG_COMPILER_APPICON_NAME = AppIcon;
				CODE_SIGN_STYLE = Automatic;
				DEVELOPMENT_TEAM = D6A85H8M23;
				INFOPLIST_FILE = SMPDF/Info.plist;
				LD_RUNPATH_SEARCH_PATHS = (
					"$(inherited)",
					"@executable_path/Frameworks",
				);
				PRODUCT_BUNDLE_IDENTIFIER = com.omaraldair.SMPDF;
				PRODUCT_NAME = "$(TARGET_NAME)";
				SWIFT_VERSION = 4.2;
				TARGETED_DEVICE_FAMILY = "1,2";
			};
			name = Release;
		};
/* End XCBuildConfiguration section */

/* Begin XCConfigurationList section */
		EDD5A5BD21F0FA97001C3B66 /* Build configuration list for PBXProject "SMPDF" */ = {
			isa = XCConfigurationList;
			buildConfigurations = (
				EDD5A5D221F0FA98001C3B66 /* Debug */,
				EDD5A5D321F0FA98001C3B66 /* Release */,
			);
			defaultConfigurationIsVisible = 0;
			defaultConfigurationName = Release;
		};
		EDD5A5D421F0FA98001C3B66 /* Build configuration list for PBXNativeTarget "SMPDF" */ = {
			isa = XCConfigurationList;
			buildConfigurations = (
				EDD5A5D521F0FA98001C3B66 /* Debug */,
				EDD5A5D621F0FA98001C3B66 /* Release */,
			);
			defaultConfigurationIsVisible = 0;
			defaultConfigurationName = Release;
		};
/* End XCConfigurationList section */
	};
	rootObject = EDD5A5BA21F0FA97001C3B66 /* Project object */;
}
